
Microsoft Visual Studio Solution File, Format Version 12.00
# Visual Studio 2013
VisualStudioVersion = 12.0.21005.1
MinimumVisualStudioVersion = 10.0.40219.1
Project("{FAE04EC0-301F-11D3-BF4B-00C04F79EFBC}") = "SilverlightMarquee", "SilverlightMarquee\SilverlightMarquee.csproj", "{8DB7DCEE-EC0E-4D3D-A9C9-89B5796098E3}"
EndProject
Project("{FAE04EC0-301F-11D3-BF4B-00C04F79EFBC}") = "SilverlightMarquee.Web", "SilverlightMarquee.Web\SilverlightMarquee.Web.csproj", "{A3C1CF94-E2A5-432E-B2BE-E6B6EAC2C0EF}"
EndProject
Global
	GlobalSection(SolutionConfigurationPlatforms) = preSolution
		Debug|Any CPU = Debug|Any CPU
		Release|Any CPU = Release|Any CPU
	EndGlobalSection
	GlobalSection(ProjectConfigurationPlatforms) = postSolution
		{8DB7DCEE-EC0E-4D3D-A9C9-89B5796098E3}.Debug|Any CPU.ActiveCfg = Debug|Any CPU
		{8DB7DCEE-EC0E-4D3D-A9C9-89B5796098E3}.Debug|Any CPU.Build.0 = Debug|Any CPU
		{8DB7DCEE-EC0E-4D3D-A9C9-89B5796098E3}.Release|Any CPU.ActiveCfg = Release|Any CPU
		{8DB7DCEE-EC0E-4D3D-A9C9-89B5796098E3}.Release|Any CPU.Build.0 = Release|Any CPU
		{A3C1CF94-E2A5-432E-B2BE-E6B6EAC2C0EF}.Debug|Any CPU.ActiveCfg = Debug|Any CPU
		{A3C1CF94-E2A5-432E-B2BE-E6B6EAC2C0EF}.Debug|Any CPU.Build.0 = Debug|Any CPU
		{A3C1CF94-E2A5-432E-B2BE-E6B6EAC2C0EF}.Release|Any CPU.ActiveCfg = Release|Any CPU
		{A3C1CF94-E2A5-432E-B2BE-E6B6EAC2C0EF}.Release|Any CPU.Build.0 = Release|Any CPU
	EndGlobalSection
	GlobalSection(SolutionProperties) = preSolution
		HideSolutionNode = FALSE
	EndGlobalSection
EndGlobal
